# THIS IS AN AUTOGENERATED FILE. DO NOT EDIT THIS FILE DIRECTLY.
# yarn lockfile v1


hmc-autoit@^1.0.1:
  version "1.0.1"
  resolved "https://mirrors.cloud.tencent.com/npm/hmc-autoit/-/hmc-autoit-1.0.1.tgz#5fa96103852abac6dfa054de9c04f184081def1d"
  integrity sha512-ScD6g3AD10+h54zMBiaFAMMbQoa3V+mq/GpNUV3i7pF5g6EpRgP9KNb8JUwNqjIAvdc8hVMwhbzB3kEy1W1XmA==

node-global-key-listener@^0.0.13:
  version "0.0.13"
  resolved "https://mirrors.cloud.tencent.com/npm/node-global-key-listener/-/node-global-key-listener-0.0.13.tgz#1d3166e11d0fae7a88b62923f502789da672fb27"
  integrity sha512-4sU3v9LaKtkaKaQ4hALFGRdWWv5JQMwMAL1lZnNBR0U+bEvbeGrXOLMP+miiklf1OhW19DifvRPM6NKwe3Ht5g==
  dependencies:
    sudo-prompt "^9.2.1"

sudo-prompt@^9.2.1:
  version "9.2.1"
  resolved "https://mirrors.cloud.tencent.com/npm/sudo-prompt/-/sudo-prompt-9.2.1.tgz#77efb84309c9ca489527a4e749f287e6bdd52afd"
  integrity sha512-Mu7R0g4ig9TUuGSxJavny5Rv0egCEtpZRNMrZaYS1vxkiIxGiGUwoezU3LazIQ+KE04hTrTfNPgxU5gzi7F5Pw==
